
Microsoft Visual Studio Solution File, Format Version 12.00
# Visual Studio Version 17
VisualStudioVersion = 17.6.33712.159
MinimumVisualStudioVersion = 10.0.40219.1
Project("{9A19103F-16F7-4668-BE54-9A1E7A4F7556}") = "DrinksApp", "DrinksApp\DrinksApp.csproj", "{64C0C15A-DEEB-4A32-8710-C578ACCEFB2E}"
EndProject
Project("{FAE04EC0-301F-11D3-BF4B-00C04F79EFBC}") = "DrinksApiHttpClient", "DrnksApiHttpClient\DrinksApiHttpClient.csproj", "{0574AA29-2F9E-40E9-8C6D-031DCA5781CD}"
EndProject
Global
	GlobalSection(SolutionConfigurationPlatforms) = preSolution
		Debug|Any CPU = Debug|Any CPU
		Release|Any CPU = Release|Any CPU
	EndGlobalSection
	GlobalSection(ProjectConfigurationPlatforms) = postSolution
		{64C0C15A-DEEB-4A32-8710-C578ACCEFB2E}.Debug|Any CPU.ActiveCfg = Debug|Any CPU
		{64C0C15A-DEEB-4A32-8710-C578ACCEFB2E}.Debug|Any CPU.Build.0 = Debug|Any CPU
		{64C0C15A-DEEB-4A32-8710-C578ACCEFB2E}.Release|Any CPU.ActiveCfg = Release|Any CPU
		{64C0C15A-DEEB-4A32-8710-C578ACCEFB2E}.Release|Any CPU.Build.0 = Release|Any CPU
		{0574AA29-2F9E-40E9-8C6D-031DCA5781CD}.Debug|Any CPU.ActiveCfg = Debug|Any CPU
		{0574AA29-2F9E-40E9-8C6D-031DCA5781CD}.Debug|Any CPU.Build.0 = Debug|Any CPU
		{0574AA29-2F9E-40E9-8C6D-031DCA5781CD}.Release|Any CPU.ActiveCfg = Release|Any CPU
		{0574AA29-2F9E-40E9-8C6D-031DCA5781CD}.Release|Any CPU.Build.0 = Release|Any CPU
	EndGlobalSection
	GlobalSection(SolutionProperties) = preSolution
		HideSolutionNode = FALSE
	EndGlobalSection
	GlobalSection(ExtensibilityGlobals) = postSolution
		SolutionGuid = {0EF2E9FD-82D0-48C5-98A6-3397963CE46D}
	EndGlobalSection
EndGlobal
